
Microsoft Visual Studio Solution File, Format Version 12.00
# Visual Studio Version 17
VisualStudioVersion = 17.5.33530.505
MinimumVisualStudioVersion = 10.0.40219.1
Project("{9A19103F-16F7-4668-BE54-9A1E7A4F7556}") = "HRMS.Domain", "Core\HRMS.Domain\HRMS.Domain.csproj", "{04CD996E-8118-4943-835A-390AE62AC250}"
EndProject
Project("{9A19103F-16F7-4668-BE54-9A1E7A4F7556}") = "HRMS.Application", "Core\HRMS.Application\HRMS.Application.csproj", "{7FB3E9BB-5742-4A24-9787-83263A96CB5D}"
EndProject
Project("{9A19103F-16F7-4668-BE54-9A1E7A4F7556}") = "HRMS.Infrastructure", "Infrastructure\HRMS.Infrastructure\HRMS.Infrastructure.csproj", "{42AB9C48-E544-45A6-877A-A79678C8C05F}"
EndProject
Project("{9A19103F-16F7-4668-BE54-9A1E7A4F7556}") = "HRMS.Persistence", "Infrastructure\HRMS.Persistence\HRMS.Persistence.csproj", "{F0625152-54B2-4CEB-86A6-7A642F673DCC}"
EndProject
Project("{9A19103F-16F7-4668-BE54-9A1E7A4F7556}") = "HRMS.API", "API\HRMS.API\HRMS.API.csproj", "{4F35B93A-717A-441B-8197-1954EC9E2B39}"
EndProject
Project("{2150E333-8FDC-42A3-9474-1A3956D46DE8}") = "API", "API", "{65EFF041-B265-40F5-A9D6-FCAF74794884}"
EndProject
Project("{2150E333-8FDC-42A3-9474-1A3956D46DE8}") = "Core", "Core", "{2BFFD484-0357-4CA9-86B8-B2A835C07C7B}"
EndProject
Project("{2150E333-8FDC-42A3-9474-1A3956D46DE8}") = "Infrastructure", "Infrastructure", "{87C75BB9-5CAC-4EDF-AC77-1522168D9210}"
EndProject
Project("{2150E333-8FDC-42A3-9474-1A3956D46DE8}") = "Test", "Test", "{18976F51-B56B-4C89-B992-EFE43A00E8A3}"
EndProject
Project("{FAE04EC0-301F-11D3-BF4B-00C04F79EFBC}") = "HRMS.Identity", "Infrastructure\HRMS.Identity\HRMS.Identity.csproj", "{442F6615-DDFE-4A1E-A9DA-59F8E22C055E}"
EndProject
Project("{FAE04EC0-301F-11D3-BF4B-00C04F79EFBC}") = "HRMS.Application.Test", "Test\HRMS.Application.Test\HRMS.Application.Test.csproj", "{E72BC502-F22D-4A03-84AC-D0E016336B8B}"
EndProject
Global
	GlobalSection(SolutionConfigurationPlatforms) = preSolution
		Debug|Any CPU = Debug|Any CPU
		Debug|x64 = Debug|x64
		Debug|x86 = Debug|x86
		Release|Any CPU = Release|Any CPU
		Release|x64 = Release|x64
		Release|x86 = Release|x86
	EndGlobalSection
	GlobalSection(ProjectConfigurationPlatforms) = postSolution
		{04CD996E-8118-4943-835A-390AE62AC250}.Debug|Any CPU.ActiveCfg = Debug|Any CPU
		{04CD996E-8118-4943-835A-390AE62AC250}.Debug|Any CPU.Build.0 = Debug|Any CPU
		{04CD996E-8118-4943-835A-390AE62AC250}.Debug|x64.ActiveCfg = Debug|Any CPU
		{04CD996E-8118-4943-835A-390AE62AC250}.Debug|x64.Build.0 = Debug|Any CPU
		{04CD996E-8118-4943-835A-390AE62AC250}.Debug|x86.ActiveCfg = Debug|Any CPU
		{04CD996E-8118-4943-835A-390AE62AC250}.Debug|x86.Build.0 = Debug|Any CPU
		{04CD996E-8118-4943-835A-390AE62AC250}.Release|Any CPU.ActiveCfg = Release|Any CPU
		{04CD996E-8118-4943-835A-390AE62AC250}.Release|Any CPU.Build.0 = Release|Any CPU
		{04CD996E-8118-4943-835A-390AE62AC250}.Release|x64.ActiveCfg = Release|Any CPU
		{04CD996E-8118-4943-835A-390AE62AC250}.Release|x64.Build.0 = Release|Any CPU
		{04CD996E-8118-4943-835A-390AE62AC250}.Release|x86.ActiveCfg = Release|Any CPU
		{04CD996E-8118-4943-835A-390AE62AC250}.Release|x86.Build.0 = Release|Any CPU
		{7FB3E9BB-5742-4A24-9787-83263A96CB5D}.Debug|Any CPU.ActiveCfg = Debug|Any CPU
		{7FB3E9BB-5742-4A24-9787-83263A96CB5D}.Debug|Any CPU.Build.0 = Debug|Any CPU
		{7FB3E9BB-5742-4A24-9787-83263A96CB5D}.Debug|x64.ActiveCfg = Debug|Any CPU
		{7FB3E9BB-5742-4A24-9787-83263A96CB5D}.Debug|x64.Build.0 = Debug|Any CPU
		{7FB3E9BB-5742-4A24-9787-83263A96CB5D}.Debug|x86.ActiveCfg = Debug|Any CPU
		{7FB3E9BB-5742-4A24-9787-83263A96CB5D}.Debug|x86.Build.0 = Debug|Any CPU
		{7FB3E9BB-5742-4A24-9787-83263A96CB5D}.Release|Any CPU.ActiveCfg = Release|Any CPU
		{7FB3E9BB-5742-4A24-9787-83263A96CB5D}.Release|Any CPU.Build.0 = Release|Any CPU
		{7FB3E9BB-5742-4A24-9787-83263A96CB5D}.Release|x64.ActiveCfg = Release|Any CPU
		{7FB3E9BB-5742-4A24-9787-83263A96CB5D}.Release|x64.Build.0 = Release|Any CPU
		{7FB3E9BB-5742-4A24-9787-83263A96CB5D}.Release|x86.ActiveCfg = Release|Any CPU
		{7FB3E9BB-5742-4A24-9787-83263A96CB5D}.Release|x86.Build.0 = Release|Any CPU
		{42AB9C48-E544-45A6-877A-A79678C8C05F}.Debug|Any CPU.ActiveCfg = Debug|Any CPU
		{42AB9C48-E544-45A6-877A-A79678C8C05F}.Debug|Any CPU.Build.0 = Debug|Any CPU
		{42AB9C48-E544-45A6-877A-A79678C8C05F}.Debug|x64.ActiveCfg = Debug|Any CPU
		{42AB9C48-E544-45A6-877A-A79678C8C05F}.Debug|x64.Build.0 = Debug|Any CPU
		{42AB9C48-E544-45A6-877A-A79678C8C05F}.Debug|x86.ActiveCfg = Debug|Any CPU
		{42AB9C48-E544-45A6-877A-A79678C8C05F}.Debug|x86.Build.0 = Debug|Any CPU
		{42AB9C48-E544-45A6-877A-A79678C8C05F}.Release|Any CPU.ActiveCfg = Release|Any CPU
		{42AB9C48-E544-45A6-877A-A79678C8C05F}.Release|Any CPU.Build.0 = Release|Any CPU
		{42AB9C48-E544-45A6-877A-A79678C8C05F}.Release|x64.ActiveCfg = Release|Any CPU
		{42AB9C48-E544-45A6-877A-A79678C8C05F}.Release|x64.Build.0 = Release|Any CPU
		{42AB9C48-E544-45A6-877A-A79678C8C05F}.Release|x86.ActiveCfg = Release|Any CPU
		{42AB9C48-E544-45A6-877A-A79678C8C05F}.Release|x86.Build.0 = Release|Any CPU
		{F0625152-54B2-4CEB-86A6-7A642F673DCC}.Debug|Any CPU.ActiveCfg = Debug|Any CPU
		{F0625152-54B2-4CEB-86A6-7A642F673DCC}.Debug|Any CPU.Build.0 = Debug|Any CPU
		{F0625152-54B2-4CEB-86A6-7A642F673DCC}.Debug|x64.ActiveCfg = Debug|Any CPU
		{F0625152-54B2-4CEB-86A6-7A642F673DCC}.Debug|x64.Build.0 = Debug|Any CPU
		{F0625152-54B2-4CEB-86A6-7A642F673DCC}.Debug|x86.ActiveCfg = Debug|Any CPU
		{F0625152-54B2-4CEB-86A6-7A642F673DCC}.Debug|x86.Build.0 = Debug|Any CPU
		{F0625152-54B2-4CEB-86A6-7A642F673DCC}.Release|Any CPU.ActiveCfg = Release|Any CPU
		{F0625152-54B2-4CEB-86A6-7A642F673DCC}.Release|Any CPU.Build.0 = Release|Any CPU
		{F0625152-54B2-4CEB-86A6-7A642F673DCC}.Release|x64.ActiveCfg = Release|Any CPU
		{F0625152-54B2-4CEB-86A6-7A642F673DCC}.Release|x64.Build.0 = Release|Any CPU
		{F0625152-54B2-4CEB-86A6-7A642F673DCC}.Release|x86.ActiveCfg = Release|Any CPU
		{F0625152-54B2-4CEB-86A6-7A642F673DCC}.Release|x86.Build.0 = Release|Any CPU
		{4F35B93A-717A-441B-8197-1954EC9E2B39}.Debug|Any CPU.ActiveCfg = Debug|Any CPU
		{4F35B93A-717A-441B-8197-1954EC9E2B39}.Debug|Any CPU.Build.0 = Debug|Any CPU
		{4F35B93A-717A-441B-8197-1954EC9E2B39}.Debug|x64.ActiveCfg = Debug|Any CPU
		{4F35B93A-717A-441B-8197-1954EC9E2B39}.Debug|x64.Build.0 = Debug|Any CPU
		{4F35B93A-717A-441B-8197-1954EC9E2B39}.Debug|x86.ActiveCfg = Debug|Any CPU
		{4F35B93A-717A-441B-8197-1954EC9E2B39}.Debug|x86.Build.0 = Debug|Any CPU
		{4F35B93A-717A-441B-8197-1954EC9E2B39}.Release|Any CPU.ActiveCfg = Release|Any CPU
		{4F35B93A-717A-441B-8197-1954EC9E2B39}.Release|Any CPU.Build.0 = Release|Any CPU
		{4F35B93A-717A-441B-8197-1954EC9E2B39}.Release|x64.ActiveCfg = Release|Any CPU
		{4F35B93A-717A-441B-8197-1954EC9E2B39}.Release|x64.Build.0 = Release|Any CPU
		{4F35B93A-717A-441B-8197-1954EC9E2B39}.Release|x86.ActiveCfg = Release|Any CPU
		{4F35B93A-717A-441B-8197-1954EC9E2B39}.Release|x86.Build.0 = Release|Any CPU
		{442F6615-DDFE-4A1E-A9DA-59F8E22C055E}.Debug|Any CPU.ActiveCfg = Debug|Any CPU
		{442F6615-DDFE-4A1E-A9DA-59F8E22C055E}.Debug|Any CPU.Build.0 = Debug|Any CPU
		{442F6615-DDFE-4A1E-A9DA-59F8E22C055E}.Debug|x64.ActiveCfg = Debug|Any CPU
		{442F6615-DDFE-4A1E-A9DA-59F8E22C055E}.Debug|x64.Build.0 = Debug|Any CPU
		{442F6615-DDFE-4A1E-A9DA-59F8E22C055E}.Debug|x86.ActiveCfg = Debug|Any CPU
		{442F6615-DDFE-4A1E-A9DA-59F8E22C055E}.Debug|x86.Build.0 = Debug|Any CPU
		{442F6615-DDFE-4A1E-A9DA-59F8E22C055E}.Release|Any CPU.ActiveCfg = Release|Any CPU
		{442F6615-DDFE-4A1E-A9DA-59F8E22C055E}.Release|Any CPU.Build.0 = Release|Any CPU
		{442F6615-DDFE-4A1E-A9DA-59F8E22C055E}.Release|x64.ActiveCfg = Release|Any CPU
		{442F6615-DDFE-4A1E-A9DA-59F8E22C055E}.Release|x64.Build.0 = Release|Any CPU
		{442F6615-DDFE-4A1E-A9DA-59F8E22C055E}.Release|x86.ActiveCfg = Release|Any CPU
		{442F6615-DDFE-4A1E-A9DA-59F8E22C055E}.Release|x86.Build.0 = Release|Any CPU
		{E72BC502-F22D-4A03-84AC-D0E016336B8B}.Debug|Any CPU.ActiveCfg = Debug|Any CPU
		{E72BC502-F22D-4A03-84AC-D0E016336B8B}.Debug|Any CPU.Build.0 = Debug|Any CPU
		{E72BC502-F22D-4A03-84AC-D0E016336B8B}.Debug|x64.ActiveCfg = Debug|Any CPU
		{E72BC502-F22D-4A03-84AC-D0E016336B8B}.Debug|x64.Build.0 = Debug|Any CPU
		{E72BC502-F22D-4A03-84AC-D0E016336B8B}.Debug|x86.ActiveCfg = Debug|Any CPU
		{E72BC502-F22D-4A03-84AC-D0E016336B8B}.Debug|x86.Build.0 = Debug|Any CPU
		{E72BC502-F22D-4A03-84AC-D0E016336B8B}.Release|Any CPU.ActiveCfg = Release|Any CPU
		{E72BC502-F22D-4A03-84AC-D0E016336B8B}.Release|Any CPU.Build.0 = Release|Any CPU
		{E72BC502-F22D-4A03-84AC-D0E016336B8B}.Release|x64.ActiveCfg = Release|Any CPU
		{E72BC502-F22D-4A03-84AC-D0E016336B8B}.Release|x64.Build.0 = Release|Any CPU
		{E72BC502-F22D-4A03-84AC-D0E016336B8B}.Release|x86.ActiveCfg = Release|Any CPU
		{E72BC502-F22D-4A03-84AC-D0E016336B8B}.Release|x86.Build.0 = Release|Any CPU
	EndGlobalSection
	GlobalSection(SolutionProperties) = preSolution
		HideSolutionNode = FALSE
	EndGlobalSection
	GlobalSection(NestedProjects) = preSolution
		{04CD996E-8118-4943-835A-390AE62AC250} = {2BFFD484-0357-4CA9-86B8-B2A835C07C7B}
		{7FB3E9BB-5742-4A24-9787-83263A96CB5D} = {2BFFD484-0357-4CA9-86B8-B2A835C07C7B}
		{42AB9C48-E544-45A6-877A-A79678C8C05F} = {87C75BB9-5CAC-4EDF-AC77-1522168D9210}
		{F0625152-54B2-4CEB-86A6-7A642F673DCC} = {87C75BB9-5CAC-4EDF-AC77-1522168D9210}
		{4F35B93A-717A-441B-8197-1954EC9E2B39} = {65EFF041-B265-40F5-A9D6-FCAF74794884}
		{442F6615-DDFE-4A1E-A9DA-59F8E22C055E} = {87C75BB9-5CAC-4EDF-AC77-1522168D9210}
	EndGlobalSection
	GlobalSection(ExtensibilityGlobals) = postSolution
		SolutionGuid = {DEF4247B-295C-4D73-8705-8723AA9137A4}
	EndGlobalSection
EndGlobal
